// !$*UTF8*$!
{
	archiveVersion = 1;
	classes = {
	};
	objectVersion = 50;
	objects = {

/* Begin PBXBuildFile section */
		4777A162182DC4047478653E /* Pods_RxSampleUITests.framework in Frameworks */ = {isa = PBXBuildFile; fileRef = A43FA3BA6B277B3D7FA17404 /* Pods_RxSampleUITests.framework */; };
		5484D38D833656BEEC6C56D6 /* Pods_RxSampleTests.framework in Frameworks */ = {isa = PBXBuildFile; fileRef = E536A231DD62CF868BEABE48 /* Pods_RxSampleTests.framework */; };
		6D95D45C22767EC400BBCABA /* AppDelegate.swift in Sources */ = {isa = PBXBuildFile; fileRef = 6D95D45B22767EC400BBCABA /* AppDelegate.swift */; };
		6D95D45E22767EC400BBCABA /* BaseViewController.swift in Sources */ = {isa = PBXBuildFile; fileRef = 6D95D45D22767EC400BBCABA /* BaseViewController.swift */; };
		6D95D46122767EC400BBCABA /* Main.storyboard in Resources */ = {isa = PBXBuildFile; fileRef = 6D95D45F22767EC400BBCABA /* Main.storyboard */; };
		6D95D46322767EC600BBCABA /* Assets.xcassets in Resources */ = {isa = PBXBuildFile; fileRef = 6D95D46222767EC600BBCABA /* Assets.xcassets */; };
		6D95D46622767EC600BBCABA /* LaunchScreen.storyboard in Resources */ = {isa = PBXBuildFile; fileRef = 6D95D46422767EC600BBCABA /* LaunchScreen.storyboard */; };
		6D95D47122767EC600BBCABA /* RxSampleTests.swift in Sources */ = {isa = PBXBuildFile; fileRef = 6D95D47022767EC600BBCABA /* RxSampleTests.swift */; };
		6D95D47C22767EC600BBCABA /* RxSampleUITests.swift in Sources */ = {isa = PBXBuildFile; fileRef = 6D95D47B22767EC600BBCABA /* RxSampleUITests.swift */; };
		6D95D48A227686A100BBCABA /* NormalViewController.swift in Sources */ = {isa = PBXBuildFile; fileRef = 6D95D489227686A100BBCABA /* NormalViewController.swift */; };
		6D95D48C227699C000BBCABA /* SampleViewController.swift in Sources */ = {isa = PBXBuildFile; fileRef = 6D95D48B227699C000BBCABA /* SampleViewController.swift */; };
		6D95D48E228125FE00BBCABA /* ViewController.xib in Resources */ = {isa = PBXBuildFile; fileRef = 6D95D48D228125FE00BBCABA /* ViewController.xib */; };
		6D95D4902281281300BBCABA /* ViewController.swift in Sources */ = {isa = PBXBuildFile; fileRef = 6D95D48F2281281300BBCABA /* ViewController.swift */; };
		AA0C656A37C6C7B59DCA718B /* Pods_RxSample.framework in Frameworks */ = {isa = PBXBuildFile; fileRef = F08B2ED63CC792BD2E7B80A3 /* Pods_RxSample.framework */; };
/* End PBXBuildFile section */

/* Begin PBXContainerItemProxy section */
		6D95D46D22767EC600BBCABA /* PBXContainerItemProxy */ = {
			isa = PBXContainerItemProxy;
			containerPortal = 6D95D45022767EC400BBCABA /* Project object */;
			proxyType = 1;
			remoteGlobalIDString = 6D95D45722767EC400BBCABA;
			remoteInfo = RxSample;
		};
		6D95D47822767EC600BBCABA /* PBXContainerItemProxy */ = {
			isa = PBXContainerItemProxy;
			containerPortal = 6D95D45022767EC400BBCABA /* Project object */;
			proxyType = 1;
			remoteGlobalIDString = 6D95D45722767EC400BBCABA;
			remoteInfo = RxSample;
		};
/* End PBXContainerItemProxy section */

/* Begin PBXFileReference section */
		26A38F3D55AC16ECC11C6D4D /* Pods-RxSampleTests.release.xcconfig */ = {isa = PBXFileReference; includeInIndex = 1; lastKnownFileType = text.xcconfig; name = "Pods-RxSampleTests.release.xcconfig"; path = "Target Support Files/Pods-RxSampleTests/Pods-RxSampleTests.release.xcconfig"; sourceTree = "<group>"; };
		5E8074CFC69D8D775AEEA926 /* Pods-RxSampleUITests.release.xcconfig */ = {isa = PBXFileReference; includeInIndex = 1; lastKnownFileType = text.xcconfig; name = "Pods-RxSampleUITests.release.xcconfig"; path = "Target Support Files/Pods-RxSampleUITests/Pods-RxSampleUITests.release.xcconfig"; sourceTree = "<group>"; };
		6D95D45822767EC400BBCABA /* RxSample.app */ = {isa = PBXFileReference; explicitFileType = wrapper.application; includeInIndex = 0; path = RxSample.app; sourceTree = BUILT_PRODUCTS_DIR; };
		6D95D45B22767EC400BBCABA /* AppDelegate.swift */ = {isa = PBXFileReference; lastKnownFileType = sourcecode.swift; path = AppDelegate.swift; sourceTree = "<group>"; };
		6D95D45D22767EC400BBCABA /* BaseViewController.swift */ = {isa = PBXFileReference; lastKnownFileType = sourcecode.swift; path = BaseViewController.swift; sourceTree = "<group>"; };
		6D95D46022767EC400BBCABA /* Base */ = {isa = PBXFileReference; lastKnownFileType = file.storyboard; name = Base; path = Base.lproj/Main.storyboard; sourceTree = "<group>"; };
		6D95D46222767EC600BBCABA /* Assets.xcassets */ = {isa = PBXFileReference; lastKnownFileType = folder.assetcatalog; path = Assets.xcassets; sourceTree = "<group>"; };
		6D95D46522767EC600BBCABA /* Base */ = {isa = PBXFileReference; lastKnownFileType = file.storyboard; name = Base; path = Base.lproj/LaunchScreen.storyboard; sourceTree = "<group>"; };
		6D95D46722767EC600BBCABA /* Info.plist */ = {isa = PBXFileReference; lastKnownFileType = text.plist.xml; path = Info.plist; sourceTree = "<group>"; };
		6D95D46C22767EC600BBCABA /* RxSampleTests.xctest */ = {isa = PBXFileReference; explicitFileType = wrapper.cfbundle; includeInIndex = 0; path = RxSampleTests.xctest; sourceTree = BUILT_PRODUCTS_DIR; };
		6D95D47022767EC600BBCABA /* RxSampleTests.swift */ = {isa = PBXFileReference; lastKnownFileType = sourcecode.swift; path = RxSampleTests.swift; sourceTree = "<group>"; };
		6D95D47222767EC600BBCABA /* Info.plist */ = {isa = PBXFileReference; lastKnownFileType = text.plist.xml; path = Info.plist; sourceTree = "<group>"; };
		6D95D47722767EC600BBCABA /* RxSampleUITests.xctest */ = {isa = PBXFileReference; explicitFileType = wrapper.cfbundle; includeInIndex = 0; path = RxSampleUITests.xctest; sourceTree = BUILT_PRODUCTS_DIR; };
		6D95D47B22767EC600BBCABA /* RxSampleUITests.swift */ = {isa = PBXFileReference; lastKnownFileType = sourcecode.swift; path = RxSampleUITests.swift; sourceTree = "<group>"; };
		6D95D47D22767EC600BBCABA /* Info.plist */ = {isa = PBXFileReference; lastKnownFileType = text.plist.xml; path = Info.plist; sourceTree = "<group>"; };
		6D95D489227686A100BBCABA /* NormalViewController.swift */ = {isa = PBXFileReference; lastKnownFileType = sourcecode.swift; path = NormalViewController.swift; sourceTree = "<group>"; };
		6D95D48B227699C000BBCABA /* SampleViewController.swift */ = {isa = PBXFileReference; lastKnownFileType = sourcecode.swift; path = SampleViewController.swift; sourceTree = "<group>"; };
		6D95D48D228125FE00BBCABA /* ViewController.xib */ = {isa = PBXFileReference; lastKnownFileType = file.xib; path = ViewController.xib; sourceTree = "<group>"; };
		6D95D48F2281281300BBCABA /* ViewController.swift */ = {isa = PBXFileReference; lastKnownFileType = sourcecode.swift; path = ViewController.swift; sourceTree = "<group>"; };
		978927B528FFD307983335FB /* Pods-RxSampleTests.debug.xcconfig */ = {isa = PBXFileReference; includeInIndex = 1; lastKnownFileType = text.xcconfig; name = "Pods-RxSampleTests.debug.xcconfig"; path = "Target Support Files/Pods-RxSampleTests/Pods-RxSampleTests.debug.xcconfig"; sourceTree = "<group>"; };
		9FD41C703F3B78F272422DE6 /* Pods-RxSample.release.xcconfig */ = {isa = PBXFileReference; includeInIndex = 1; lastKnownFileType = text.xcconfig; name = "Pods-RxSample.release.xcconfig"; path = "Target Support Files/Pods-RxSample/Pods-RxSample.release.xcconfig"; sourceTree = "<group>"; };
		A43FA3BA6B277B3D7FA17404 /* Pods_RxSampleUITests.framework */ = {isa = PBXFileReference; explicitFileType = wrapper.framework; includeInIndex = 0; path = Pods_RxSampleUITests.framework; sourceTree = BUILT_PRODUCTS_DIR; };
		B55464AE84E20275D28E628C /* Pods-RxSample.debug.xcconfig */ = {isa = PBXFileReference; includeInIndex = 1; lastKnownFileType = text.xcconfig; name = "Pods-RxSample.debug.xcconfig"; path = "Target Support Files/Pods-RxSample/Pods-RxSample.debug.xcconfig"; sourceTree = "<group>"; };
		E536A231DD62CF868BEABE48 /* Pods_RxSampleTests.framework */ = {isa = PBXFileReference; explicitFileType = wrapper.framework; includeInIndex = 0; path = Pods_RxSampleTests.framework; sourceTree = BUILT_PRODUCTS_DIR; };
		F08B2ED63CC792BD2E7B80A3 /* Pods_RxSample.framework */ = {isa = PBXFileReference; explicitFileType = wrapper.framework; includeInIndex = 0; path = Pods_RxSample.framework; sourceTree = BUILT_PRODUCTS_DIR; };
		FA60B90907BC77D1DA61B290 /* Pods-RxSampleUITests.debug.xcconfig */ = {isa = PBXFileReference; includeInIndex = 1; lastKnownFileType = text.xcconfig; name = "Pods-RxSampleUITests.debug.xcconfig"; path = "Target Support Files/Pods-RxSampleUITests/Pods-RxSampleUITests.debug.xcconfig"; sourceTree = "<group>"; };
/* End PBXFileReference section */

/* Begin PBXFrameworksBuildPhase section */
		6D95D45522767EC400BBCABA /* Frameworks */ = {
			isa = PBXFrameworksBuildPhase;
			buildActionMask = 2147483647;
			files = (
				AA0C656A37C6C7B59DCA718B /* Pods_RxSample.framework in Frameworks */,
			);
			runOnlyForDeploymentPostprocessing = 0;
		};
		6D95D46922767EC600BBCABA /* Frameworks */ = {
			isa = PBXFrameworksBuildPhase;
			buildActionMask = 2147483647;
			files = (
				5484D38D833656BEEC6C56D6 /* Pods_RxSampleTests.framework in Frameworks */,
			);
			runOnlyForDeploymentPostprocessing = 0;
		};
		6D95D47422767EC600BBCABA /* Frameworks */ = {
			isa = PBXFrameworksBuildPhase;
			buildActionMask = 2147483647;
			files = (
				4777A162182DC4047478653E /* Pods_RxSampleUITests.framework in Frameworks */,
			);
			runOnlyForDeploymentPostprocessing = 0;
		};
/* End PBXFrameworksBuildPhase section */

/* Begin PBXGroup section */
		6D95D44F22767EC400BBCABA = {
			isa = PBXGroup;
			children = (
				6D95D45A22767EC400BBCABA /* RxSample */,
				6D95D46F22767EC600BBCABA /* RxSampleTests */,
				6D95D47A22767EC600BBCABA /* RxSampleUITests */,
				6D95D45922767EC400BBCABA /* Products */,
				6F6DEB0179B483ECA8EEACEF /* Pods */,
				D4FC7626974EC1919DBB8A8D /* Frameworks */,
			);
			sourceTree = "<group>";
		};
		6D95D45922767EC400BBCABA /* Products */ = {
			isa = PBXGroup;
			children = (
				6D95D45822767EC400BBCABA /* RxSample.app */,
				6D95D46C22767EC600BBCABA /* RxSampleTests.xctest */,
				6D95D47722767EC600BBCABA /* RxSampleUITests.xctest */,
			);
			name = Products;
			sourceTree = "<group>";
		};
		6D95D45A22767EC400BBCABA /* RxSample */ = {
			isa = PBXGroup;
			children = (
				6D95D45B22767EC400BBCABA /* AppDelegate.swift */,
				6D95D48D228125FE00BBCABA /* ViewController.xib */,
				6D95D48F2281281300BBCABA /* ViewController.swift */,
				6D95D45D22767EC400BBCABA /* BaseViewController.swift */,
				6D95D45F22767EC400BBCABA /* Main.storyboard */,
				6D95D46222767EC600BBCABA /* Assets.xcassets */,
				6D95D46422767EC600BBCABA /* LaunchScreen.storyboard */,
				6D95D46722767EC600BBCABA /* Info.plist */,
				6D95D489227686A100BBCABA /* NormalViewController.swift */,
				6D95D48B227699C000BBCABA /* SampleViewController.swift */,
			);
			path = RxSample;
			sourceTree = "<group>";
		};
		6D95D46F22767EC600BBCABA /* RxSampleTests */ = {
			isa = PBXGroup;
			children = (
				6D95D47022767EC600BBCABA /* RxSampleTests.swift */,
				6D95D47222767EC600BBCABA /* Info.plist */,
			);
			path = RxSampleTests;
			sourceTree = "<group>";
		};
		6D95D47A22767EC600BBCABA /* RxSampleUITests */ = {
			isa = PBXGroup;
			children = (
				6D95D47B22767EC600BBCABA /* RxSampleUITests.swift */,
				6D95D47D22767EC600BBCABA /* Info.plist */,
			);
			path = RxSampleUITests;
			sourceTree = "<group>";
		};
		6F6DEB0179B483ECA8EEACEF /* Pods */ = {
			isa = PBXGroup;
			children = (
				B55464AE84E20275D28E628C /* Pods-RxSample.debug.xcconfig */,
				9FD41C703F3B78F272422DE6 /* Pods-RxSample.release.xcconfig */,
				978927B528FFD307983335FB /* Pods-RxSampleTests.debug.xcconfig */,
				26A38F3D55AC16ECC11C6D4D /* Pods-RxSampleTests.release.xcconfig */,
				FA60B90907BC77D1DA61B290 /* Pods-RxSampleUITests.debug.xcconfig */,
				5E8074CFC69D8D775AEEA926 /* Pods-RxSampleUITests.release.xcconfig */,
			);
			path = Pods;
			sourceTree = "<group>";
		};
		D4FC7626974EC1919DBB8A8D /* Frameworks */ = {
			isa = PBXGroup;
			children = (
				F08B2ED63CC792BD2E7B80A3 /* Pods_RxSample.framework */,
				E536A231DD62CF868BEABE48 /* Pods_RxSampleTests.framework */,
				A43FA3BA6B277B3D7FA17404 /* Pods_RxSampleUITests.framework */,
			);
			name = Frameworks;
			sourceTree = "<group>";
		};
/* End PBXGroup section */

/* Begin PBXNativeTarget section */
		6D95D45722767EC400BBCABA /* RxSample */ = {
			isa = PBXNativeTarget;
			buildConfigurationList = 6D95D48022767EC600BBCABA /* Build configuration list for PBXNativeTarget "RxSample" */;
			buildPhases = (
				4D02288D94673A11B9176ABD /* [CP] Check Pods Manifest.lock */,
				6D95D45422767EC400BBCABA /* Sources */,
				6D95D45522767EC400BBCABA /* Frameworks */,
				6D95D45622767EC400BBCABA /* Resources */,
				6E1158241194DC610762464A /* [CP] Embed Pods Frameworks */,
			);
			buildRules = (
			);
			dependencies = (
			);
			name = RxSample;
			productName = RxSample;
			productReference = 6D95D45822767EC400BBCABA /* RxSample.app */;
			productType = "com.apple.product-type.application";
		};
		6D95D46B22767EC600BBCABA /* RxSampleTests */ = {
			isa = PBXNativeTarget;
			buildConfigurationList = 6D95D48322767EC600BBCABA /* Build configuration list for PBXNativeTarget "RxSampleTests" */;
			buildPhases = (
				751AED020C13DA6C2DE492FD /* [CP] Check Pods Manifest.lock */,
				6D95D46822767EC600BBCABA /* Sources */,
				6D95D46922767EC600BBCABA /* Frameworks */,
				6D95D46A22767EC600BBCABA /* Resources */,
				22C81F4F054CC3C52BBD3677 /* [CP] Embed Pods Frameworks */,
			);
			buildRules = (
			);
			dependencies = (
				6D95D46E22767EC600BBCABA /* PBXTargetDependency */,
			);
			name = RxSampleTests;
			productName = RxSampleTests;
			productReference = 6D95D46C22767EC600BBCABA /* RxSampleTests.xctest */;
			productType = "com.apple.product-type.bundle.unit-test";
		};
		6D95D47622767EC600BBCABA /* RxSampleUITests */ = {
			isa = PBXNativeTarget;
			buildConfigurationList = 6D95D48622767EC600BBCABA /* Build configuration list for PBXNativeTarget "RxSampleUITests" */;
			buildPhases = (
				827FEC2ED41B9D94F677AF1B /* [CP] Check Pods Manifest.lock */,
				6D95D47322767EC600BBCABA /* Sources */,
				6D95D47422767EC600BBCABA /* Frameworks */,
				6D95D47522767EC600BBCABA /* Resources */,
			);
			buildRules = (
			);
			dependencies = (
				6D95D47922767EC600BBCABA /* PBXTargetDependency */,
			);
			name = RxSampleUITests;
			productName = RxSampleUITests;
			productReference = 6D95D47722767EC600BBCABA /* RxSampleUITests.xctest */;
			productType = "com.apple.product-type.bundle.ui-testing";
		};
/* End PBXNativeTarget section */

/* Begin PBXProject section */
		6D95D45022767EC400BBCABA /* Project object */ = {
			isa = PBXProject;
			attributes = {
				LastSwiftUpdateCheck = 1010;
				LastUpgradeCheck = 1010;
				ORGANIZATIONNAME = "渡邊丈洋";
				TargetAttributes = {
					6D95D45722767EC400BBCABA = {
						CreatedOnToolsVersion = 10.1;
					};
					6D95D46B22767EC600BBCABA = {
						CreatedOnToolsVersion = 10.1;
						TestTargetID = 6D95D45722767EC400BBCABA;
					};
					6D95D47622767EC600BBCABA = {
						CreatedOnToolsVersion = 10.1;
						TestTargetID = 6D95D45722767EC400BBCABA;
					};
				};
			};
			buildConfigurationList = 6D95D45322767EC400BBCABA /* Build configuration list for PBXProject "RxSample" */;
			compatibilityVersion = "Xcode 9.3";
			developmentRegion = en;
			hasScannedForEncodings = 0;
			knownRegions = (
				en,
				Base,
			);
			mainGroup = 6D95D44F22767EC400BBCABA;
			productRefGroup = 6D95D45922767EC400BBCABA /* Products */;
			projectDirPath = "";
			projectRoot = "";
			targets = (
				6D95D45722767EC400BBCABA /* RxSample */,
				6D95D46B22767EC600BBCABA /* RxSampleTests */,
				6D95D47622767EC600BBCABA /* RxSampleUITests */,
			);
		};
/* End PBXProject section */

/* Begin PBXResourcesBuildPhase section */
		6D95D45622767EC400BBCABA /* Resources */ = {
			isa = PBXResourcesBuildPhase;
			buildActionMask = 2147483647;
			files = (
				6D95D46622767EC600BBCABA /* LaunchScreen.storyboard in Resources */,
				6D95D46322767EC600BBCABA /* Assets.xcassets in Resources */,
				6D95D48E228125FE00BBCABA /* ViewController.xib in Resources */,
				6D95D46122767EC400BBCABA /* Main.storyboard in Resources */,
			);
			runOnlyForDeploymentPostprocessing = 0;
		};
		6D95D46A22767EC600BBCABA /* Resources */ = {
			isa = PBXResourcesBuildPhase;
			buildActionMask = 2147483647;
			files = (
			);
			runOnlyForDeploymentPostprocessing = 0;
		};
		6D95D47522767EC600BBCABA /* Resources */ = {
			isa = PBXResourcesBuildPhase;
			buildActionMask = 2147483647;
			files = (
			);
			runOnlyForDeploymentPostprocessing = 0;
		};
/* End PBXResourcesBuildPhase section */

/* Begin PBXShellScriptBuildPhase section */
		22C81F4F054CC3C52BBD3677 /* [CP] Embed Pods Frameworks */ = {
			isa = PBXShellScriptBuildPhase;
			buildActionMask = 2147483647;
			files = (
			);
			inputFileListPaths = (
			);
			inputPaths = (
				"${PODS_ROOT}/Target Support Files/Pods-RxSampleTests/Pods-RxSampleTests-frameworks.sh",
				"${BUILT_PRODUCTS_DIR}/RxSwift/RxSwift.framework",
				"${BUILT_PRODUCTS_DIR}/RxBlocking/RxBlocking.framework",
				"${BUILT_PRODUCTS_DIR}/RxTest/RxTest.framework",
			);
			name = "[CP] Embed Pods Frameworks";
			outputFileListPaths = (
			);
			outputPaths = (
				"${TARGET_BUILD_DIR}/${FRAMEWORKS_FOLDER_PATH}/RxSwift.framework",
				"${TARGET_BUILD_DIR}/${FRAMEWORKS_FOLDER_PATH}/RxBlocking.framework",
				"${TARGET_BUILD_DIR}/${FRAMEWORKS_FOLDER_PATH}/RxTest.framework",
			);
			runOnlyForDeploymentPostprocessing = 0;
			shellPath = /bin/sh;
			shellScript = "\"${PODS_ROOT}/Target Support Files/Pods-RxSampleTests/Pods-RxSampleTests-frameworks.sh\"\n";
			showEnvVarsInLog = 0;
		};
		4D02288D94673A11B9176ABD /* [CP] Check Pods Manifest.lock */ = {
			isa = PBXShellScriptBuildPhase;
			buildActionMask = 2147483647;
			files = (
			);
			inputFileListPaths = (
			);
			inputPaths = (
				"${PODS_PODFILE_DIR_PATH}/Podfile.lock",
				"${PODS_ROOT}/Manifest.lock",
			);
			name = "[CP] Check Pods Manifest.lock";
			outputFileListPaths = (
			);
			outputPaths = (
				"$(DERIVED_FILE_DIR)/Pods-RxSample-checkManifestLockResult.txt",
			);
			runOnlyForDeploymentPostprocessing = 0;
			shellPath = /bin/sh;
			shellScript = "diff \"${PODS_PODFILE_DIR_PATH}/Podfile.lock\" \"${PODS_ROOT}/Manifest.lock\" > /dev/null\nif [ $? != 0 ] ; then\n    # print error to STDERR\n    echo \"error: The sandbox is not in sync with the Podfile.lock. Run 'pod install' or update your CocoaPods installation.\" >&2\n    exit 1\nfi\n# This output is used by Xcode 'outputs' to avoid re-running this script phase.\necho \"SUCCESS\" > \"${SCRIPT_OUTPUT_FILE_0}\"\n";
			showEnvVarsInLog = 0;
		};
		6E1158241194DC610762464A /* [CP] Embed Pods Frameworks */ = {
			isa = PBXShellScriptBuildPhase;
			buildActionMask = 2147483647;
			files = (
			);
			inputFileListPaths = (
			);
			inputPaths = (
				"${PODS_ROOT}/Target Support Files/Pods-RxSample/Pods-RxSample-frameworks.sh",
				"${BUILT_PRODUCTS_DIR}/RxCocoa/RxCocoa.framework",
				"${BUILT_PRODUCTS_DIR}/RxSwift/RxSwift.framework",
			);
			name = "[CP] Embed Pods Frameworks";
			outputFileListPaths = (
			);
			outputPaths = (
				"${TARGET_BUILD_DIR}/${FRAMEWORKS_FOLDER_PATH}/RxCocoa.framework",
				"${TARGET_BUILD_DIR}/${FRAMEWORKS_FOLDER_PATH}/RxSwift.framework",
			);
			runOnlyForDeploymentPostprocessing = 0;
			shellPath = /bin/sh;
			shellScript = "\"${PODS_ROOT}/Target Support Files/Pods-RxSample/Pods-RxSample-frameworks.sh\"\n";
			showEnvVarsInLog = 0;
		};
		751AED020C13DA6C2DE492FD /* [CP] Check Pods Manifest.lock */ = {
			isa = PBXShellScriptBuildPhase;
			buildActionMask = 2147483647;
			files = (
			);
			inputFileListPaths = (
			);
			inputPaths = (
				"${PODS_PODFILE_DIR_PATH}/Podfile.lock",
				"${PODS_ROOT}/Manifest.lock",
			);
			name = "[CP] Check Pods Manifest.lock";
			outputFileListPaths = (
			);
			outputPaths = (
				"$(DERIVED_FILE_DIR)/Pods-RxSampleTests-checkManifestLockResult.txt",
			);
			runOnlyForDeploymentPostprocessing = 0;
			shellPath = /bin/sh;
			shellScript = "diff \"${PODS_PODFILE_DIR_PATH}/Podfile.lock\" \"${PODS_ROOT}/Manifest.lock\" > /dev/null\nif [ $? != 0 ] ; then\n    # print error to STDERR\n    echo \"error: The sandbox is not in sync with the Podfile.lock. Run 'pod install' or update your CocoaPods installation.\" >&2\n    exit 1\nfi\n# This output is used by Xcode 'outputs' to avoid re-running this script phase.\necho \"SUCCESS\" > \"${SCRIPT_OUTPUT_FILE_0}\"\n";
			showEnvVarsInLog = 0;
		};
		827FEC2ED41B9D94F677AF1B /* [CP] Check Pods Manifest.lock */ = {
			isa = PBXShellScriptBuildPhase;
			buildActionMask = 2147483647;
			files = (
			);
			inputFileListPaths = (
			);
			inputPaths = (
				"${PODS_PODFILE_DIR_PATH}/Podfile.lock",
				"${PODS_ROOT}/Manifest.lock",
			);
			name = "[CP] Check Pods Manifest.lock";
			outputFileListPaths = (
			);
			outputPaths = (
				"$(DERIVED_FILE_DIR)/Pods-RxSampleUITests-checkManifestLockResult.txt",
			);
			runOnlyForDeploymentPostprocessing = 0;
			shellPath = /bin/sh;
			shellScript = "diff \"${PODS_PODFILE_DIR_PATH}/Podfile.lock\" \"${PODS_ROOT}/Manifest.lock\" > /dev/null\nif [ $? != 0 ] ; then\n    # print error to STDERR\n    echo \"error: The sandbox is not in sync with the Podfile.lock. Run 'pod install' or update your CocoaPods installation.\" >&2\n    exit 1\nfi\n# This output is used by Xcode 'outputs' to avoid re-running this script phase.\necho \"SUCCESS\" > \"${SCRIPT_OUTPUT_FILE_0}\"\n";
			showEnvVarsInLog = 0;
		};
/* End PBXShellScriptBuildPhase section */

/* Begin PBXSourcesBuildPhase section */
		6D95D45422767EC400BBCABA /* Sources */ = {
			isa = PBXSourcesBuildPhase;
			buildActionMask = 2147483647;
			files = (
				6D95D4902281281300BBCABA /* ViewController.swift in Sources */,
				6D95D45E22767EC400BBCABA /* BaseViewController.swift in Sources */,
				6D95D48A227686A100BBCABA /* NormalViewController.swift in Sources */,
				6D95D48C227699C000BBCABA /* SampleViewController.swift in Sources */,
				6D95D45C22767EC400BBCABA /* AppDelegate.swift in Sources */,
			);
			runOnlyForDeploymentPostprocessing = 0;
		};
		6D95D46822767EC600BBCABA /* Sources */ = {
			isa = PBXSourcesBuildPhase;
			buildActionMask = 2147483647;
			files = (
				6D95D47122767EC600BBCABA /* RxSampleTests.swift in Sources */,
			);
			runOnlyForDeploymentPostprocessing = 0;
		};
		6D95D47322767EC600BBCABA /* Sources */ = {
			isa = PBXSourcesBuildPhase;
			buildActionMask = 2147483647;
			files = (
				6D95D47C22767EC600BBCABA /* RxSampleUITests.swift in Sources */,
			);
			runOnlyForDeploymentPostprocessing = 0;
		};
/* End PBXSourcesBuildPhase section */

/* Begin PBXTargetDependency section */
		6D95D46E22767EC600BBCABA /* PBXTargetDependency */ = {
			isa = PBXTargetDependency;
			target = 6D95D45722767EC400BBCABA /* RxSample */;
			targetProxy = 6D95D46D22767EC600BBCABA /* PBXContainerItemProxy */;
		};
		6D95D47922767EC600BBCABA /* PBXTargetDependency */ = {
			isa = PBXTargetDependency;
			target = 6D95D45722767EC400BBCABA /* RxSample */;
			targetProxy = 6D95D47822767EC600BBCABA /* PBXContainerItemProxy */;
		};
/* End PBXTargetDependency section */

/* Begin PBXVariantGroup section */
		6D95D45F22767EC400BBCABA /* Main.storyboard */ = {
			isa = PBXVariantGroup;
			children = (
				6D95D46022767EC400BBCABA /* Base */,
			);
			name = Main.storyboard;
			sourceTree = "<group>";
		};
		6D95D46422767EC600BBCABA /* LaunchScreen.storyboard */ = {
			isa = PBXVariantGroup;
			children = (
				6D95D46522767EC600BBCABA /* Base */,
			);
			name = LaunchScreen.storyboard;
			sourceTree = "<group>";
		};
/* End PBXVariantGroup section */

/* Begin XCBuildConfiguration section */
		6D95D47E22767EC600BBCABA /* Debug */ = {
			isa = XCBuildConfiguration;
			buildSettings = {
				ALWAYS_SEARCH_USER_PATHS = NO;
				CLANG_ANALYZER_NONNULL = YES;
				CLANG_ANALYZER_NUMBER_OBJECT_CONVERSION = YES_AGGRESSIVE;
				CLANG_CXX_LANGUAGE_STANDARD = "gnu++14";
				CLANG_CXX_LIBRARY = "libc++";
				CLANG_ENABLE_MODULES = YES;
				CLANG_ENABLE_OBJC_ARC = YES;
				CLANG_ENABLE_OBJC_WEAK = YES;
				CLANG_WARN_BLOCK_CAPTURE_AUTORELEASING = YES;
				CLANG_WARN_BOOL_CONVERSION = YES;
				CLANG_WARN_COMMA = YES;
				CLANG_WARN_CONSTANT_CONVERSION = YES;
				CLANG_WARN_DEPRECATED_OBJC_IMPLEMENTATIONS = YES;
				CLANG_WARN_DIRECT_OBJC_ISA_USAGE = YES_ERROR;
				CLANG_WARN_DOCUMENTATION_COMMENTS = YES;
				CLANG_WARN_EMPTY_BODY = YES;
				CLANG_WARN_ENUM_CONVERSION = YES;
				CLANG_WARN_INFINITE_RECURSION = YES;
				CLANG_WARN_INT_CONVERSION = YES;
				CLANG_WARN_NON_LITERAL_NULL_CONVERSION = YES;
				CLANG_WARN_OBJC_IMPLICIT_RETAIN_SELF = YES;
				CLANG_WARN_OBJC_LITERAL_CONVERSION = YES;
				CLANG_WARN_OBJC_ROOT_CLASS = YES_ERROR;
				CLANG_WARN_RANGE_LOOP_ANALYSIS = YES;
				CLANG_WARN_STRICT_PROTOTYPES = YES;
				CLANG_WARN_SUSPICIOUS_MOVE = YES;
				CLANG_WARN_UNGUARDED_AVAILABILITY = YES_AGGRESSIVE;
				CLANG_WARN_UNREACHABLE_CODE = YES;
				CLANG_WARN__DUPLICATE_METHOD_MATCH = YES;
				CODE_SIGN_IDENTITY = "iPhone Developer";
				COPY_PHASE_STRIP = NO;
				DEBUG_INFORMATION_FORMAT = dwarf;
				ENABLE_STRICT_OBJC_MSGSEND = YES;
				ENABLE_TESTABILITY = YES;
				GCC_C_LANGUAGE_STANDARD = gnu11;
				GCC_DYNAMIC_NO_PIC = NO;
				GCC_NO_COMMON_BLOCKS = YES;
				GCC_OPTIMIZATION_LEVEL = 0;
				GCC_PREPROCESSOR_DEFINITIONS = (
					"DEBUG=1",
					"$(inherited)",
				);
				GCC_WARN_64_TO_32_BIT_CONVERSION = YES;
				GCC_WARN_ABOUT_RETURN_TYPE = YES_ERROR;
				GCC_WARN_UNDECLARED_SELECTOR = YES;
				GCC_WARN_UNINITIALIZED_AUTOS = YES_AGGRESSIVE;
				GCC_WARN_UNUSED_FUNCTION = YES;
				GCC_WARN_UNUSED_VARIABLE = YES;
				IPHONEOS_DEPLOYMENT_TARGET = 12.1;
				MTL_ENABLE_DEBUG_INFO = INCLUDE_SOURCE;
				MTL_FAST_MATH = YES;
				ONLY_ACTIVE_ARCH = YES;
				SDKROOT = iphoneos;
				SWIFT_ACTIVE_COMPILATION_CONDITIONS = DEBUG;
				SWIFT_OPTIMIZATION_LEVEL = "-Onone";
			};
			name = Debug;
		};
		6D95D47F22767EC600BBCABA /* Release */ = {
			isa = XCBuildConfiguration;
			buildSettings = {
				ALWAYS_SEARCH_USER_PATHS = NO;
				CLANG_ANALYZER_NONNULL = YES;
				CLANG_ANALYZER_NUMBER_OBJECT_CONVERSION = YES_AGGRESSIVE;
				CLANG_CXX_LANGUAGE_STANDARD = "gnu++14";
				CLANG_CXX_LIBRARY = "libc++";
				CLANG_ENABLE_MODULES = YES;
				CLANG_ENABLE_OBJC_ARC = YES;
				CLANG_ENABLE_OBJC_WEAK = YES;
				CLANG_WARN_BLOCK_CAPTURE_AUTORELEASING = YES;
				CLANG_WARN_BOOL_CONVERSION = YES;
				CLANG_WARN_COMMA = YES;
				CLANG_WARN_CONSTANT_CONVERSION = YES;
				CLANG_WARN_DEPRECATED_OBJC_IMPLEMENTATIONS = YES;
				CLANG_WARN_DIRECT_OBJC_ISA_USAGE = YES_ERROR;
				CLANG_WARN_DOCUMENTATION_COMMENTS = YES;
				CLANG_WARN_EMPTY_BODY = YES;
				CLANG_WARN_ENUM_CONVERSION = YES;
				CLANG_WARN_INFINITE_RECURSION = YES;
				CLANG_WARN_INT_CONVERSION = YES;
				CLANG_WARN_NON_LITERAL_NULL_CONVERSION = YES;
				CLANG_WARN_OBJC_IMPLICIT_RETAIN_SELF = YES;
				CLANG_WARN_OBJC_LITERAL_CONVERSION = YES;
				CLANG_WARN_OBJC_ROOT_CLASS = YES_ERROR;
				CLANG_WARN_RANGE_LOOP_ANALYSIS = YES;
				CLANG_WARN_STRICT_PROTOTYPES = YES;
				CLANG_WARN_SUSPICIOUS_MOVE = YES;
				CLANG_WARN_UNGUARDED_AVAILABILITY = YES_AGGRESSIVE;
				CLANG_WARN_UNREACHABLE_CODE = YES;
				CLANG_WARN__DUPLICATE_METHOD_MATCH = YES;
				CODE_SIGN_IDENTITY = "iPhone Developer";
				COPY_PHASE_STRIP = NO;
				DEBUG_INFORMATION_FORMAT = "dwarf-with-dsym";
				ENABLE_NS_ASSERTIONS = NO;
				ENABLE_STRICT_OBJC_MSGSEND = YES;
				GCC_C_LANGUAGE_STANDARD = gnu11;
				GCC_NO_COMMON_BLOCKS = YES;
				GCC_WARN_64_TO_32_BIT_CONVERSION = YES;
				GCC_WARN_ABOUT_RETURN_TYPE = YES_ERROR;
				GCC_WARN_UNDECLARED_SELECTOR = YES;
				GCC_WARN_UNINITIALIZED_AUTOS = YES_AGGRESSIVE;
				GCC_WARN_UNUSED_FUNCTION = YES;
				GCC_WARN_UNUSED_VARIABLE = YES;
				IPHONEOS_DEPLOYMENT_TARGET = 12.1;
				MTL_ENABLE_DEBUG_INFO = NO;
				MTL_FAST_MATH = YES;
				SDKROOT = iphoneos;
				SWIFT_COMPILATION_MODE = wholemodule;
				SWIFT_OPTIMIZATION_LEVEL = "-O";
				VALIDATE_PRODUCT = YES;
			};
			name = Release;
		};
		6D95D48122767EC600BBCABA /* Debug */ = {
			isa = XCBuildConfiguration;
			baseConfigurationReference = B55464AE84E20275D28E628C /* Pods-RxSample.debug.xcconfig */;
			buildSettings = {
				ASSETCATALOG_COMPILER_APPICON_NAME = AppIcon;
				CODE_SIGN_STYLE = Automatic;
				DEVELOPMENT_TEAM = WE75VTX439;
				INFOPLIST_FILE = RxSample/Info.plist;
				LD_RUNPATH_SEARCH_PATHS = (
					"$(inherited)",
					"@executable_path/Frameworks",
				);
				PRODUCT_BUNDLE_IDENTIFIER = com.tkhr.RxSample;
				PRODUCT_NAME = "$(TARGET_NAME)";
				SWIFT_VERSION = 4.2;
				TARGETED_DEVICE_FAMILY = "1,2";
			};
			name = Debug;
		};
		6D95D48222767EC600BBCABA /* Release */ = {
			isa = XCBuildConfiguration;
			baseConfigurationReference = 9FD41C703F3B78F272422DE6 /* Pods-RxSample.release.xcconfig */;
			buildSettings = {
				ASSETCATALOG_COMPILER_APPICON_NAME = AppIcon;
				CODE_SIGN_STYLE = Automatic;
				DEVELOPMENT_TEAM = WE75VTX439;
				INFOPLIST_FILE = RxSample/Info.plist;
				LD_RUNPATH_SEARCH_PATHS = (
					"$(inherited)",
					"@executable_path/Frameworks",
				);
				PRODUCT_BUNDLE_IDENTIFIER = com.tkhr.RxSample;
				PRODUCT_NAME = "$(TARGET_NAME)";
				SWIFT_VERSION = 4.2;
				TARGETED_DEVICE_FAMILY = "1,2";
			};
			name = Release;
		};
		6D95D48422767EC600BBCABA /* Debug */ = {
			isa = XCBuildConfiguration;
			baseConfigurationReference = 978927B528FFD307983335FB /* Pods-RxSampleTests.debug.xcconfig */;
			buildSettings = {
				ALWAYS_EMBED_SWIFT_STANDARD_LIBRARIES = YES;
				BUNDLE_LOADER = "$(TEST_HOST)";
				CODE_SIGN_STYLE = Automatic;
				DEVELOPMENT_TEAM = WE75VTX439;
				INFOPLIST_FILE = RxSampleTests/Info.plist;
				LD_RUNPATH_SEARCH_PATHS = (
					"$(inherited)",
					"@executable_path/Frameworks",
					"@loader_path/Frameworks",
				);
				PRODUCT_BUNDLE_IDENTIFIER = com.tkhr.RxSampleTests;
				PRODUCT_NAME = "$(TARGET_NAME)";
				SWIFT_VERSION = 4.2;
				TARGETED_DEVICE_FAMILY = "1,2";
				TEST_HOST = "$(BUILT_PRODUCTS_DIR)/RxSample.app/RxSample";
			};
			name = Debug;
		};
		6D95D48522767EC600BBCABA /* Release */ = {
			isa = XCBuildConfiguration;
			baseConfigurationReference = 26A38F3D55AC16ECC11C6D4D /* Pods-RxSampleTests.release.xcconfig */;
			buildSettings = {
				ALWAYS_EMBED_SWIFT_STANDARD_LIBRARIES = YES;
				BUNDLE_LOADER = "$(TEST_HOST)";
				CODE_SIGN_STYLE = Automatic;
				DEVELOPMENT_TEAM = WE75VTX439;
				INFOPLIST_FILE = RxSampleTests/Info.plist;
				LD_RUNPATH_SEARCH_PATHS = (
					"$(inherited)",
					"@executable_path/Frameworks",
					"@loader_path/Frameworks",
				);
				PRODUCT_BUNDLE_IDENTIFIER = com.tkhr.RxSampleTests;
				PRODUCT_NAME = "$(TARGET_NAME)";
				SWIFT_VERSION = 4.2;
				TARGETED_DEVICE_FAMILY = "1,2";
				TEST_HOST = "$(BUILT_PRODUCTS_DIR)/RxSample.app/RxSample";
			};
			name = Release;
		};
		6D95D48722767EC600BBCABA /* Debug */ = {
			isa = XCBuildConfiguration;
			baseConfigurationReference = FA60B90907BC77D1DA61B290 /* Pods-RxSampleUITests.debug.xcconfig */;
			buildSettings = {
				ALWAYS_EMBED_SWIFT_STANDARD_LIBRARIES = YES;
				CODE_SIGN_STYLE = Automatic;
				DEVELOPMENT_TEAM = WE75VTX439;
				INFOPLIST_FILE = RxSampleUITests/Info.plist;
				LD_RUNPATH_SEARCH_PATHS = (
					"$(inherited)",
					"@executable_path/Frameworks",
					"@loader_path/Frameworks",
				);
				PRODUCT_BUNDLE_IDENTIFIER = com.tkhr.RxSampleUITests;
				PRODUCT_NAME = "$(TARGET_NAME)";
				SWIFT_VERSION = 4.2;
				TARGETED_DEVICE_FAMILY = "1,2";
				TEST_TARGET_NAME = RxSample;
			};
			name = Debug;
		};
		6D95D48822767EC600BBCABA /* Release */ = {
			isa = XCBuildConfiguration;
			baseConfigurationReference = 5E8074CFC69D8D775AEEA926 /* Pods-RxSampleUITests.release.xcconfig */;
			buildSettings = {
				ALWAYS_EMBED_SWIFT_STANDARD_LIBRARIES = YES;
				CODE_SIGN_STYLE = Automatic;
				DEVELOPMENT_TEAM = WE75VTX439;
				INFOPLIST_FILE = RxSampleUITests/Info.plist;
				LD_RUNPATH_SEARCH_PATHS = (
					"$(inherited)",
					"@executable_path/Frameworks",
					"@loader_path/Frameworks",
				);
				PRODUCT_BUNDLE_IDENTIFIER = com.tkhr.RxSampleUITests;
				PRODUCT_NAME = "$(TARGET_NAME)";
				SWIFT_VERSION = 4.2;
				TARGETED_DEVICE_FAMILY = "1,2";
				TEST_TARGET_NAME = RxSample;
			};
			name = Release;
		};
/* End XCBuildConfiguration section */

/* Begin XCConfigurationList section */
		6D95D45322767EC400BBCABA /* Build configuration list for PBXProject "RxSample" */ = {
			isa = XCConfigurationList;
			buildConfigurations = (
				6D95D47E22767EC600BBCABA /* Debug */,
				6D95D47F22767EC600BBCABA /* Release */,
			);
			defaultConfigurationIsVisible = 0;
			defaultConfigurationName = Release;
		};
		6D95D48022767EC600BBCABA /* Build configuration list for PBXNativeTarget "RxSample" */ = {
			isa = XCConfigurationList;
			buildConfigurations = (
				6D95D48122767EC600BBCABA /* Debug */,
				6D95D48222767EC600BBCABA /* Release */,
			);
			defaultConfigurationIsVisible = 0;
			defaultConfigurationName = Release;
		};
		6D95D48322767EC600BBCABA /* Build configuration list for PBXNativeTarget "RxSampleTests" */ = {
			isa = XCConfigurationList;
			buildConfigurations = (
				6D95D48422767EC600BBCABA /* Debug */,
				6D95D48522767EC600BBCABA /* Release */,
			);
			defaultConfigurationIsVisible = 0;
			defaultConfigurationName = Release;
		};
		6D95D48622767EC600BBCABA /* Build configuration list for PBXNativeTarget "RxSampleUITests" */ = {
			isa = XCConfigurationList;
			buildConfigurations = (
				6D95D48722767EC600BBCABA /* Debug */,
				6D95D48822767EC600BBCABA /* Release */,
			);
			defaultConfigurationIsVisible = 0;
			defaultConfigurationName = Release;
		};
/* End XCConfigurationList section */
	};
	rootObject = 6D95D45022767EC400BBCABA /* Project object */;
}
